
Microsoft Visual Studio Solution File, Format Version 12.00
# Visual Studio Version 16
VisualStudioVersion = 16.0.29418.71
MinimumVisualStudioVersion = 10.0.40219.1
Project("{FAE04EC0-301F-11D3-BF4B-00C04F79EFBC}") = "DigiKala", "DigiKala\DigiKala.csproj", "{01E508E4-36B8-46D3-B27D-FEF48B72D82B}"
EndProject
Project("{FAE04EC0-301F-11D3-BF4B-00C04F79EFBC}") = "DigiKala.Core", "DigiKala.Core\DigiKala.Core.csproj", "{CF77A9A0-AB56-4D14-B092-2D6231EAE868}"
EndProject
Project("{FAE04EC0-301F-11D3-BF4B-00C04F79EFBC}") = "DigiKala.DataAccessLayer", "DigiKala.DataAccessLayer\DigiKala.DataAccessLayer.csproj", "{0A67E9F8-BFFA-45FA-9EF3-A914BD3A4704}"
EndProject
Global
	GlobalSection(SolutionConfigurationPlatforms) = preSolution
		Debug|Any CPU = Debug|Any CPU
		Release|Any CPU = Release|Any CPU
	EndGlobalSection
	GlobalSection(ProjectConfigurationPlatforms) = postSolution
		{01E508E4-36B8-46D3-B27D-FEF48B72D82B}.Debug|Any CPU.ActiveCfg = Debug|Any CPU
		{01E508E4-36B8-46D3-B27D-FEF48B72D82B}.Debug|Any CPU.Build.0 = Debug|Any CPU
		{01E508E4-36B8-46D3-B27D-FEF48B72D82B}.Release|Any CPU.ActiveCfg = Release|Any CPU
		{01E508E4-36B8-46D3-B27D-FEF48B72D82B}.Release|Any CPU.Build.0 = Release|Any CPU
		{CF77A9A0-AB56-4D14-B092-2D6231EAE868}.Debug|Any CPU.ActiveCfg = Debug|Any CPU
		{CF77A9A0-AB56-4D14-B092-2D6231EAE868}.Debug|Any CPU.Build.0 = Debug|Any CPU
		{CF77A9A0-AB56-4D14-B092-2D6231EAE868}.Release|Any CPU.ActiveCfg = Release|Any CPU
		{CF77A9A0-AB56-4D14-B092-2D6231EAE868}.Release|Any CPU.Build.0 = Release|Any CPU
		{0A67E9F8-BFFA-45FA-9EF3-A914BD3A4704}.Debug|Any CPU.ActiveCfg = Debug|Any CPU
		{0A67E9F8-BFFA-45FA-9EF3-A914BD3A4704}.Debug|Any CPU.Build.0 = Debug|Any CPU
		{0A67E9F8-BFFA-45FA-9EF3-A914BD3A4704}.Release|Any CPU.ActiveCfg = Release|Any CPU
		{0A67E9F8-BFFA-45FA-9EF3-A914BD3A4704}.Release|Any CPU.Build.0 = Release|Any CPU
	EndGlobalSection
	GlobalSection(SolutionProperties) = preSolution
		HideSolutionNode = FALSE
	EndGlobalSection
	GlobalSection(ExtensibilityGlobals) = postSolution
		SolutionGuid = {59DA207C-1103-4CB9-B567-9B8DB50AFF59}
	EndGlobalSection
EndGlobal
